
Microsoft Visual Studio Solution File, Format Version 12.00
# Visual Studio 15
VisualStudioVersion = 15.0.28307.757
MinimumVisualStudioVersion = 10.0.40219.1
Project("{FAE04EC0-301F-11D3-BF4B-00C04F79EFBC}") = "YY.Needle.Web", "YY.Needle.Web\YY.Needle.Web.csproj", "{727A2F4B-26AE-40EC-B3D1-5A6C3F87D579}"
EndProject
Project("{2150E333-8FDC-42A3-9474-1A3956D46DE8}") = "0-Presentention", "0-Presentention", "{71ADB264-67EF-4D45-BFD3-1B4C2F36BFD4}"
EndProject
Project("{2150E333-8FDC-42A3-9474-1A3956D46DE8}") = "2-Application", "2-Application", "{460ECC3A-EF0E-465C-8B93-8A0BE773513C}"
EndProject
Project("{2150E333-8FDC-42A3-9474-1A3956D46DE8}") = "3-Domain", "3-Domain", "{1010B5B1-A27B-4B39-A8D8-9ACCDC95E3D3}"
EndProject
Project("{2150E333-8FDC-42A3-9474-1A3956D46DE8}") = "4-Infrastructure", "4-Infrastructure", "{3B217AB8-D911-4657-BE23-827CC2AD0EE1}"
EndProject
Project("{2150E333-8FDC-42A3-9474-1A3956D46DE8}") = "4.1-Data", "4.1-Data", "{41A2C917-5946-461A-83B3-312593AE90B5}"
EndProject
Project("{2150E333-8FDC-42A3-9474-1A3956D46DE8}") = "4.2-CrossCutting", "4.2-CrossCutting", "{ABFFD07D-0505-49C3-A9A2-50AC1C214F40}"
EndProject
Project("{FAE04EC0-301F-11D3-BF4B-00C04F79EFBC}") = "YY.Needle.Application", "YY.Needle.Application\YY.Needle.Application.csproj", "{0CE98B08-B85E-438D-AE8C-F59183E1B378}"
EndProject
Project("{FAE04EC0-301F-11D3-BF4B-00C04F79EFBC}") = "YY.Needle.Domain", "YY.Needle.Domain\YY.Needle.Domain.csproj", "{AD22E298-F307-45CF-BE9E-0D02C774C949}"
EndProject
Project("{FAE04EC0-301F-11D3-BF4B-00C04F79EFBC}") = "YY.Needle.Data.Context", "YY.Needle.Data.Context\YY.Needle.Data.Context.csproj", "{84964135-AAB5-44B2-BE42-8C0782D90722}"
EndProject
Project("{FAE04EC0-301F-11D3-BF4B-00C04F79EFBC}") = "YY.Needle.Data.Repository", "YY.Needle.Data.Repository\YY.Needle.Data.Repository.csproj", "{AB32F155-BC61-4B26-AD67-F40C93DB404A}"
EndProject
Project("{FAE04EC0-301F-11D3-BF4B-00C04F79EFBC}") = "YY.Needle.CrossCutting.InversionOfControl", "YY.Needle.CrossCutting.InversionOfControl\YY.Needle.CrossCutting.InversionOfControl.csproj", "{7CBC5A3F-3EF5-4AA7-B5F4-768383BC73B3}"
EndProject
Project("{2150E333-8FDC-42A3-9474-1A3956D46DE8}") = "5-Test", "5-Test", "{CBB9A704-8DA3-4CD0-AAC6-F7AFF69E96A4}"
EndProject
Project("{FAE04EC0-301F-11D3-BF4B-00C04F79EFBC}") = "TempTest", "TempTest\TempTest.csproj", "{C8C642D4-CFC7-46EF-996D-BDC9901E2804}"
EndProject
Global
	GlobalSection(SolutionConfigurationPlatforms) = preSolution
		Debug|Any CPU = Debug|Any CPU
		Release|Any CPU = Release|Any CPU
	EndGlobalSection
	GlobalSection(ProjectConfigurationPlatforms) = postSolution
		{727A2F4B-26AE-40EC-B3D1-5A6C3F87D579}.Debug|Any CPU.ActiveCfg = Debug|Any CPU
		{727A2F4B-26AE-40EC-B3D1-5A6C3F87D579}.Debug|Any CPU.Build.0 = Debug|Any CPU
		{727A2F4B-26AE-40EC-B3D1-5A6C3F87D579}.Release|Any CPU.ActiveCfg = Release|Any CPU
		{727A2F4B-26AE-40EC-B3D1-5A6C3F87D579}.Release|Any CPU.Build.0 = Release|Any CPU
		{0CE98B08-B85E-438D-AE8C-F59183E1B378}.Debug|Any CPU.ActiveCfg = Debug|Any CPU
		{0CE98B08-B85E-438D-AE8C-F59183E1B378}.Debug|Any CPU.Build.0 = Debug|Any CPU
		{0CE98B08-B85E-438D-AE8C-F59183E1B378}.Release|Any CPU.ActiveCfg = Release|Any CPU
		{0CE98B08-B85E-438D-AE8C-F59183E1B378}.Release|Any CPU.Build.0 = Release|Any CPU
		{AD22E298-F307-45CF-BE9E-0D02C774C949}.Debug|Any CPU.ActiveCfg = Debug|Any CPU
		{AD22E298-F307-45CF-BE9E-0D02C774C949}.Debug|Any CPU.Build.0 = Debug|Any CPU
		{AD22E298-F307-45CF-BE9E-0D02C774C949}.Release|Any CPU.ActiveCfg = Release|Any CPU
		{AD22E298-F307-45CF-BE9E-0D02C774C949}.Release|Any CPU.Build.0 = Release|Any CPU
		{84964135-AAB5-44B2-BE42-8C0782D90722}.Debug|Any CPU.ActiveCfg = Debug|Any CPU
		{84964135-AAB5-44B2-BE42-8C0782D90722}.Debug|Any CPU.Build.0 = Debug|Any CPU
		{84964135-AAB5-44B2-BE42-8C0782D90722}.Release|Any CPU.ActiveCfg = Release|Any CPU
		{84964135-AAB5-44B2-BE42-8C0782D90722}.Release|Any CPU.Build.0 = Release|Any CPU
		{AB32F155-BC61-4B26-AD67-F40C93DB404A}.Debug|Any CPU.ActiveCfg = Debug|Any CPU
		{AB32F155-BC61-4B26-AD67-F40C93DB404A}.Debug|Any CPU.Build.0 = Debug|Any CPU
		{AB32F155-BC61-4B26-AD67-F40C93DB404A}.Release|Any CPU.ActiveCfg = Release|Any CPU
		{AB32F155-BC61-4B26-AD67-F40C93DB404A}.Release|Any CPU.Build.0 = Release|Any CPU
		{7CBC5A3F-3EF5-4AA7-B5F4-768383BC73B3}.Debug|Any CPU.ActiveCfg = Debug|Any CPU
		{7CBC5A3F-3EF5-4AA7-B5F4-768383BC73B3}.Debug|Any CPU.Build.0 = Debug|Any CPU
		{7CBC5A3F-3EF5-4AA7-B5F4-768383BC73B3}.Release|Any CPU.ActiveCfg = Release|Any CPU
		{7CBC5A3F-3EF5-4AA7-B5F4-768383BC73B3}.Release|Any CPU.Build.0 = Release|Any CPU
		{C8C642D4-CFC7-46EF-996D-BDC9901E2804}.Debug|Any CPU.ActiveCfg = Debug|Any CPU
		{C8C642D4-CFC7-46EF-996D-BDC9901E2804}.Debug|Any CPU.Build.0 = Debug|Any CPU
		{C8C642D4-CFC7-46EF-996D-BDC9901E2804}.Release|Any CPU.ActiveCfg = Release|Any CPU
		{C8C642D4-CFC7-46EF-996D-BDC9901E2804}.Release|Any CPU.Build.0 = Release|Any CPU
	EndGlobalSection
	GlobalSection(SolutionProperties) = preSolution
		HideSolutionNode = FALSE
	EndGlobalSection
	GlobalSection(NestedProjects) = preSolution
		{727A2F4B-26AE-40EC-B3D1-5A6C3F87D579} = {71ADB264-67EF-4D45-BFD3-1B4C2F36BFD4}
		{41A2C917-5946-461A-83B3-312593AE90B5} = {3B217AB8-D911-4657-BE23-827CC2AD0EE1}
		{ABFFD07D-0505-49C3-A9A2-50AC1C214F40} = {3B217AB8-D911-4657-BE23-827CC2AD0EE1}
		{0CE98B08-B85E-438D-AE8C-F59183E1B378} = {460ECC3A-EF0E-465C-8B93-8A0BE773513C}
		{AD22E298-F307-45CF-BE9E-0D02C774C949} = {1010B5B1-A27B-4B39-A8D8-9ACCDC95E3D3}
		{84964135-AAB5-44B2-BE42-8C0782D90722} = {41A2C917-5946-461A-83B3-312593AE90B5}
		{AB32F155-BC61-4B26-AD67-F40C93DB404A} = {41A2C917-5946-461A-83B3-312593AE90B5}
		{7CBC5A3F-3EF5-4AA7-B5F4-768383BC73B3} = {ABFFD07D-0505-49C3-A9A2-50AC1C214F40}
		{C8C642D4-CFC7-46EF-996D-BDC9901E2804} = {CBB9A704-8DA3-4CD0-AAC6-F7AFF69E96A4}
	EndGlobalSection
	GlobalSection(ExtensibilityGlobals) = postSolution
		SolutionGuid = {7DEE628D-8541-47A4-A9A5-2E7B10E6D635}
	EndGlobalSection
EndGlobal
